
Microsoft Visual Studio Solution File, Format Version 12.00
# Visual Studio 15
VisualStudioVersion = 15.0.28307.421
MinimumVisualStudioVersion = 10.0.40219.1
Project("{FAE04EC0-301F-11D3-BF4B-00C04F79EFBC}") = "MyInterop", "MyInterop\MyInterop.csproj", "{5E9801DE-B841-4950-8528-EEFDD32914EF}"
EndProject
Project("{8BC9CEB8-8B4A-11D0-8D11-00A0C91BC942}") = "DotNet_COM_Call", "..\DotNet_COM_Call\DotNet_COM_Call\DotNet_COM_Call\DotNet_COM_Call.vcxproj", "{96E5783B-63EC-444B-8670-877F321AE7D7}"
EndProject
Global
	GlobalSection(SolutionConfigurationPlatforms) = preSolution
		Debug|Any CPU = Debug|Any CPU
		Debug|x64 = Debug|x64
		Debug|x86 = Debug|x86
		Release|Any CPU = Release|Any CPU
		Release|x64 = Release|x64
		Release|x86 = Release|x86
	EndGlobalSection
	GlobalSection(ProjectConfigurationPlatforms) = postSolution
		{5E9801DE-B841-4950-8528-EEFDD32914EF}.Debug|Any CPU.ActiveCfg = Debug|Any CPU
		{5E9801DE-B841-4950-8528-EEFDD32914EF}.Debug|Any CPU.Build.0 = Debug|Any CPU
		{5E9801DE-B841-4950-8528-EEFDD32914EF}.Debug|x64.ActiveCfg = Debug|Any CPU
		{5E9801DE-B841-4950-8528-EEFDD32914EF}.Debug|x64.Build.0 = Debug|Any CPU
		{5E9801DE-B841-4950-8528-EEFDD32914EF}.Debug|x86.ActiveCfg = Debug|Any CPU
		{5E9801DE-B841-4950-8528-EEFDD32914EF}.Debug|x86.Build.0 = Debug|Any CPU
		{5E9801DE-B841-4950-8528-EEFDD32914EF}.Release|Any CPU.ActiveCfg = Release|Any CPU
		{5E9801DE-B841-4950-8528-EEFDD32914EF}.Release|Any CPU.Build.0 = Release|Any CPU
		{5E9801DE-B841-4950-8528-EEFDD32914EF}.Release|x64.ActiveCfg = Release|Any CPU
		{5E9801DE-B841-4950-8528-EEFDD32914EF}.Release|x64.Build.0 = Release|Any CPU
		{5E9801DE-B841-4950-8528-EEFDD32914EF}.Release|x86.ActiveCfg = Release|Any CPU
		{5E9801DE-B841-4950-8528-EEFDD32914EF}.Release|x86.Build.0 = Release|Any CPU
		{96E5783B-63EC-444B-8670-877F321AE7D7}.Debug|Any CPU.ActiveCfg = Debug|Win32
		{96E5783B-63EC-444B-8670-877F321AE7D7}.Debug|x64.ActiveCfg = Debug|x64
		{96E5783B-63EC-444B-8670-877F321AE7D7}.Debug|x64.Build.0 = Debug|x64
		{96E5783B-63EC-444B-8670-877F321AE7D7}.Debug|x86.ActiveCfg = Debug|Win32
		{96E5783B-63EC-444B-8670-877F321AE7D7}.Debug|x86.Build.0 = Debug|Win32
		{96E5783B-63EC-444B-8670-877F321AE7D7}.Release|Any CPU.ActiveCfg = Release|Win32
		{96E5783B-63EC-444B-8670-877F321AE7D7}.Release|x64.ActiveCfg = Release|x64
		{96E5783B-63EC-444B-8670-877F321AE7D7}.Release|x64.Build.0 = Release|x64
		{96E5783B-63EC-444B-8670-877F321AE7D7}.Release|x86.ActiveCfg = Release|Win32
		{96E5783B-63EC-444B-8670-877F321AE7D7}.Release|x86.Build.0 = Release|Win32
	EndGlobalSection
	GlobalSection(SolutionProperties) = preSolution
		HideSolutionNode = FALSE
	EndGlobalSection
	GlobalSection(ExtensibilityGlobals) = postSolution
		SolutionGuid = {A204C5F4-3A9F-4407-BE91-4830299F3FA5}
	EndGlobalSection
EndGlobal
